# This file is generated by running "yarn install" inside your project.
# Manual changes might be lost - proceed with caution!

__metadata:
  version: 6
  cacheKey: 8

"@babel/runtime@npm:^7.17.8":
  version: 7.20.1
  resolution: "@babel/runtime@npm:7.20.1"
  dependencies:
    regenerator-runtime: ^0.13.10
  checksum: 00567a333d3357925742a6f5e39394dcc0af6e6029103fe188158bf7ae8b0b3ee3c6c0f68fccc217f0a6cfa455f6be252298baf56b3f5ff37b34313b170cd9f6
  languageName: node
  linkType: hard

"base64-js@npm:^1.3.1":
  version: 1.5.1
  resolution: "base64-js@npm:1.5.1"
  checksum: 669632eb3745404c2f822a18fc3a0122d2f9a7a13f7fb8b5823ee19d1d2ff9ee5b52c53367176ea4ad093c332fd5ab4bd0ebae5a8e27917a4105a4cfc86b1005
  languageName: node
  linkType: hard

"buffer@npm:^6.0.3":
  version: 6.0.3
  resolution: "buffer@npm:6.0.3"
  dependencies:
    base64-js: ^1.3.1
    ieee754: ^1.2.1
  checksum: 5ad23293d9a731e4318e420025800b42bf0d264004c0286c8cc010af7a270c7a0f6522e84f54b9ad65cbd6db20b8badbfd8d2ebf4f80fa03dab093b89e68c3f9
  languageName: node
  linkType: hard

"ieee754@npm:^1.2.1":
  version: 1.2.1
  resolution: "ieee754@npm:1.2.1"
  checksum: 5144c0c9815e54ada181d80a0b810221a253562422e7c6c3a60b1901154184f49326ec239d618c416c1c5945a2e197107aee8d986a3dd836b53dffefd99b5e7e
  languageName: node
  linkType: hard

"neo4j-driver-bolt-connection@npm:^5.2.0":
  version: 5.2.0
  resolution: "neo4j-driver-bolt-connection@npm:5.2.0"
  dependencies:
    buffer: ^6.0.3
    neo4j-driver-core: ^5.2.0
    string_decoder: ^1.3.0
  checksum: 2a803155404ca15361889fd26f5cd81a1eb4364a232f123227922e19dbc1c1ce0f184d4a06778cfac155b8a307df7db26a68039a5f2cc933a6abe943bed8d66c
  languageName: node
  linkType: hard

"neo4j-driver-core@npm:^5.2.0":
  version: 5.2.0
  resolution: "neo4j-driver-core@npm:5.2.0"
  checksum: 0f57edec725f29b7f6f3376e0897ed65152750f63f841b2f9147c00f0abf59a5a0fedcb4924e16c00bc27db33b530a4e18af01da6b4a67621106d549b2a1331c
  languageName: node
  linkType: hard

"neo4j-driver@npm:^5.2.0":
  version: 5.2.0
  resolution: "neo4j-driver@npm:5.2.0"
  dependencies:
    "@babel/runtime": ^7.17.8
    neo4j-driver-bolt-connection: ^5.2.0
    neo4j-driver-core: ^5.2.0
    rxjs: ^7.5.5
  checksum: d989869b79ba4df00ca6ec615e3ce617721a14a5b2dab2cbf3ef8aeaae78717cf4550a7fdb700338e34a788c53b9c5cff7ed3204716db7925f2bf650dd69de9e
  languageName: node
  linkType: hard

"neo4j@workspace:.":
  version: 0.0.0-use.local
  resolution: "neo4j@workspace:."
  dependencies:
    neo4j-driver: ^5.2.0
  languageName: unknown
  linkType: soft

"regenerator-runtime@npm:^0.13.10":
  version: 0.13.10
  resolution: "regenerator-runtime@npm:0.13.10"
  checksum: 09893f5a9e82932642d9a999716b6c626dc53ef2a01307c952ebbf8e011802360163a37c304c18a6c358548be5a72b448e37209954a18696f21e438c81cbb4b9
  languageName: node
  linkType: hard

"rxjs@npm:^7.5.5":
  version: 7.5.7
  resolution: "rxjs@npm:7.5.7"
  dependencies:
    tslib: ^2.1.0
  checksum: edabcdb73b0f7e0f5f6e05c2077aff8c52222ac939069729704357d6406438acca831c24210db320aba269e86dbe1a400f3769c89101791885121a342fb15d9c
  languageName: node
  linkType: hard

"safe-buffer@npm:~5.2.0":
  version: 5.2.1
  resolution: "safe-buffer@npm:5.2.1"
  checksum: b99c4b41fdd67a6aaf280fcd05e9ffb0813654894223afb78a31f14a19ad220bba8aba1cb14eddce1fcfb037155fe6de4e861784eb434f7d11ed58d1e70dd491
  languageName: node
  linkType: hard

"string_decoder@npm:^1.3.0":
  version: 1.3.0
  resolution: "string_decoder@npm:1.3.0"
  dependencies:
    safe-buffer: ~5.2.0
  checksum: 8417646695a66e73aefc4420eb3b84cc9ffd89572861fe004e6aeb13c7bc00e2f616247505d2dbbef24247c372f70268f594af7126f43548565c68c117bdeb56
  languageName: node
  linkType: hard

"tslib@npm:^2.1.0":
  version: 2.4.1
  resolution: "tslib@npm:2.4.1"
  checksum: 19480d6e0313292bd6505d4efe096a6b31c70e21cf08b5febf4da62e95c265c8f571f7b36fcc3d1a17e068032f59c269fab3459d6cd3ed6949eafecf64315fca
  languageName: node
  linkType: hard
